
Microsoft Visual Studio Solution File, Format Version 12.00
# Visual Studio Version 16
VisualStudioVersion = 16.0.30523.141
MinimumVisualStudioVersion = 10.0.40219.1
Project("{9A19103F-16F7-4668-BE54-9A1E7A4F7556}") = "FoodOrdering", "FoodOrdering\FoodOrdering.csproj", "{F14CCE25-C2D0-4150-9027-71BEA6FCBC14}"
EndProject
Global
	GlobalSection(SolutionConfigurationPlatforms) = preSolution
		Debug|Any CPU = Debug|Any CPU
		Release|Any CPU = Release|Any CPU
	EndGlobalSection
	GlobalSection(ProjectConfigurationPlatforms) = postSolution
		{F14CCE25-C2D0-4150-9027-71BEA6FCBC14}.Debug|Any CPU.ActiveCfg = Debug|Any CPU
		{F14CCE25-C2D0-4150-9027-71BEA6FCBC14}.Debug|Any CPU.Build.0 = Debug|Any CPU
		{F14CCE25-C2D0-4150-9027-71BEA6FCBC14}.Release|Any CPU.ActiveCfg = Release|Any CPU
		{F14CCE25-C2D0-4150-9027-71BEA6FCBC14}.Release|Any CPU.Build.0 = Release|Any CPU
	EndGlobalSection
	GlobalSection(SolutionProperties) = preSolution
		HideSolutionNode = FALSE
	EndGlobalSection
	GlobalSection(ExtensibilityGlobals) = postSolution
		SolutionGuid = {0017B814-7472-4292-9764-4E0B6AAD025C}
	EndGlobalSection
EndGlobal
